// !$*UTF8*$!
{
	archiveVersion = 1;
	classes = {
	};
	objectVersion = 55;
	objects = {

/* Begin PBXBuildFile section */
		DF00F28027FF0C4600A41263 /* WatchVisual.storyboard in Resources */ = {isa = PBXBuildFile; fileRef = DF00F27F27FF0C4600A41263 /* WatchVisual.storyboard */; };
		DF00F28227FF483A00A41263 /* TesCompare.storyboard in Resources */ = {isa = PBXBuildFile; fileRef = DF00F28127FF483A00A41263 /* TesCompare.storyboard */; };
		DF00F28427FF488C00A41263 /* TesCompareVC.swift in Sources */ = {isa = PBXBuildFile; fileRef = DF00F28327FF488C00A41263 /* TesCompareVC.swift */; };
		DF8862BF2801909C00882450 /* GridView.swift in Sources */ = {isa = PBXBuildFile; fileRef = DF8862BE2801909C00882450 /* GridView.swift */; };
		BA41FB7227FF171E00F7A0F9 /* HomePage.storyboard in Resources */ = {isa = PBXBuildFile; fileRef = BA41FB7127FF171E00F7A0F9 /* HomePage.storyboard */; };
		BA41FB7427FF252C00F7A0F9 /* CollectionViewCell.swift in Sources */ = {isa = PBXBuildFile; fileRef = BA41FB7327FF252C00F7A0F9 /* CollectionViewCell.swift */; };
		BA41FB7627FF33A900F7A0F9 /* CarouselModel.swift in Sources */ = {isa = PBXBuildFile; fileRef = BA41FB7527FF33A900F7A0F9 /* CarouselModel.swift */; };
		DFCDDB2C27FD74E200098ABA /* AppDelegate.swift in Sources */ = {isa = PBXBuildFile; fileRef = DFCDDB2B27FD74E200098ABA /* AppDelegate.swift */; };
		DFCDDB2E27FD74E200098ABA /* SceneDelegate.swift in Sources */ = {isa = PBXBuildFile; fileRef = DFCDDB2D27FD74E200098ABA /* SceneDelegate.swift */; };
		DFCDDB3027FD74E200098ABA /* ViewController.swift in Sources */ = {isa = PBXBuildFile; fileRef = DFCDDB2F27FD74E200098ABA /* ViewController.swift */; };
		DFCDDB3327FD74E200098ABA /* Main.storyboard in Resources */ = {isa = PBXBuildFile; fileRef = DFCDDB3127FD74E200098ABA /* Main.storyboard */; };
		DFCDDB3527FD74E200098ABA /* Assets.xcassets in Resources */ = {isa = PBXBuildFile; fileRef = DFCDDB3427FD74E200098ABA /* Assets.xcassets */; };
		DFCDDB3827FD74E200098ABA /* LaunchScreen.storyboard in Resources */ = {isa = PBXBuildFile; fileRef = DFCDDB3627FD74E200098ABA /* LaunchScreen.storyboard */; };
		DFCDDB4C27FDBA4F00098ABA /* ReflectionViewController.swift in Sources */ = {isa = PBXBuildFile; fileRef = DFCDDB4B27FDBA4F00098ABA /* ReflectionViewController.swift */; };
		DFCDDB4E27FDBA8400098ABA /* CompareViewController.swift in Sources */ = {isa = PBXBuildFile; fileRef = DFCDDB4D27FDBA8400098ABA /* CompareViewController.swift */; };
		DFCDDB5027FDBA9100098ABA /* DescriptionViewController.swift in Sources */ = {isa = PBXBuildFile; fileRef = DFCDDB4F27FDBA9100098ABA /* DescriptionViewController.swift */; };
		DFCDDB5227FDBA9B00098ABA /* MyAlbumViewController.swift in Sources */ = {isa = PBXBuildFile; fileRef = DFCDDB5127FDBA9B00098ABA /* MyAlbumViewController.swift */; };
		DFCDDB5427FDBB9B00098ABA /* AlbumPageViewController.swift in Sources */ = {isa = PBXBuildFile; fileRef = DFCDDB5327FDBB9B00098ABA /* AlbumPageViewController.swift */; };
		DFCDDB5627FDBBA400098ABA /* SearchPageViewController.swift in Sources */ = {isa = PBXBuildFile; fileRef = DFCDDB5527FDBBA400098ABA /* SearchPageViewController.swift */; };
		DFCDDB5827FDBBAE00098ABA /* WatchVisualViewController.swift in Sources */ = {isa = PBXBuildFile; fileRef = DFCDDB5727FDBBAE00098ABA /* WatchVisualViewController.swift */; };
		DFCDDB5A27FDBBB700098ABA /* SelectedModuleViewController.swift in Sources */ = {isa = PBXBuildFile; fileRef = DFCDDB5927FDBBB700098ABA /* SelectedModuleViewController.swift */; };
		DFCDDB5C27FDBBC200098ABA /* HomePageViewController.swift in Sources */ = {isa = PBXBuildFile; fileRef = DFCDDB5B27FDBBC200098ABA /* HomePageViewController.swift */; };
		DFCDDB5E27FDBBCD00098ABA /* LauncherViewController.swift in Sources */ = {isa = PBXBuildFile; fileRef = DFCDDB5D27FDBBCD00098ABA /* LauncherViewController.swift */; };
/* End PBXBuildFile section */

/* Begin PBXFileReference section */
		DF00F27F27FF0C4600A41263 /* WatchVisual.storyboard */ = {isa = PBXFileReference; lastKnownFileType = file.storyboard; path = WatchVisual.storyboard; sourceTree = "<group>"; };
		DF00F28127FF483A00A41263 /* TesCompare.storyboard */ = {isa = PBXFileReference; lastKnownFileType = file.storyboard; path = TesCompare.storyboard; sourceTree = "<group>"; };
		DF00F28327FF488C00A41263 /* TesCompareVC.swift */ = {isa = PBXFileReference; lastKnownFileType = sourcecode.swift; path = TesCompareVC.swift; sourceTree = "<group>"; };
		DF8862BE2801909C00882450 /* GridView.swift */ = {isa = PBXFileReference; lastKnownFileType = sourcecode.swift; path = GridView.swift; sourceTree = "<group>"; };
		BA41FB7127FF171E00F7A0F9 /* HomePage.storyboard */ = {isa = PBXFileReference; lastKnownFileType = file.storyboard; path = HomePage.storyboard; sourceTree = "<group>"; };
		BA41FB7327FF252C00F7A0F9 /* CollectionViewCell.swift */ = {isa = PBXFileReference; lastKnownFileType = sourcecode.swift; path = CollectionViewCell.swift; sourceTree = "<group>"; };
		BA41FB7527FF33A900F7A0F9 /* CarouselModel.swift */ = {isa = PBXFileReference; lastKnownFileType = sourcecode.swift; path = CarouselModel.swift; sourceTree = "<group>"; };
		DFCDDB2827FD74E200098ABA /* Phowto.app */ = {isa = PBXFileReference; explicitFileType = wrapper.application; includeInIndex = 0; path = Phowto.app; sourceTree = BUILT_PRODUCTS_DIR; };
		DFCDDB2B27FD74E200098ABA /* AppDelegate.swift */ = {isa = PBXFileReference; lastKnownFileType = sourcecode.swift; path = AppDelegate.swift; sourceTree = "<group>"; };
		DFCDDB2D27FD74E200098ABA /* SceneDelegate.swift */ = {isa = PBXFileReference; lastKnownFileType = sourcecode.swift; path = SceneDelegate.swift; sourceTree = "<group>"; };
		DFCDDB2F27FD74E200098ABA /* ViewController.swift */ = {isa = PBXFileReference; lastKnownFileType = sourcecode.swift; path = ViewController.swift; sourceTree = "<group>"; };
		DFCDDB3227FD74E200098ABA /* Base */ = {isa = PBXFileReference; lastKnownFileType = file.storyboard; name = Base; path = Base.lproj/Main.storyboard; sourceTree = "<group>"; };
		DFCDDB3427FD74E200098ABA /* Assets.xcassets */ = {isa = PBXFileReference; lastKnownFileType = folder.assetcatalog; path = Assets.xcassets; sourceTree = "<group>"; };
		DFCDDB3727FD74E200098ABA /* Base */ = {isa = PBXFileReference; lastKnownFileType = file.storyboard; name = Base; path = Base.lproj/LaunchScreen.storyboard; sourceTree = "<group>"; };
		DFCDDB3927FD74E200098ABA /* Info.plist */ = {isa = PBXFileReference; lastKnownFileType = text.plist.xml; path = Info.plist; sourceTree = "<group>"; };
		DFCDDB4B27FDBA4F00098ABA /* ReflectionViewController.swift */ = {isa = PBXFileReference; lastKnownFileType = sourcecode.swift; path = ReflectionViewController.swift; sourceTree = "<group>"; };
		DFCDDB4D27FDBA8400098ABA /* CompareViewController.swift */ = {isa = PBXFileReference; lastKnownFileType = sourcecode.swift; path = CompareViewController.swift; sourceTree = "<group>"; };
		DFCDDB4F27FDBA9100098ABA /* DescriptionViewController.swift */ = {isa = PBXFileReference; lastKnownFileType = sourcecode.swift; path = DescriptionViewController.swift; sourceTree = "<group>"; };
		DFCDDB5127FDBA9B00098ABA /* MyAlbumViewController.swift */ = {isa = PBXFileReference; lastKnownFileType = sourcecode.swift; path = MyAlbumViewController.swift; sourceTree = "<group>"; };
		DFCDDB5327FDBB9B00098ABA /* AlbumPageViewController.swift */ = {isa = PBXFileReference; lastKnownFileType = sourcecode.swift; path = AlbumPageViewController.swift; sourceTree = "<group>"; };
		DFCDDB5527FDBBA400098ABA /* SearchPageViewController.swift */ = {isa = PBXFileReference; lastKnownFileType = sourcecode.swift; path = SearchPageViewController.swift; sourceTree = "<group>"; };
		DFCDDB5727FDBBAE00098ABA /* WatchVisualViewController.swift */ = {isa = PBXFileReference; lastKnownFileType = sourcecode.swift; path = WatchVisualViewController.swift; sourceTree = "<group>"; };
		DFCDDB5927FDBBB700098ABA /* SelectedModuleViewController.swift */ = {isa = PBXFileReference; lastKnownFileType = sourcecode.swift; path = SelectedModuleViewController.swift; sourceTree = "<group>"; };
		DFCDDB5B27FDBBC200098ABA /* HomePageViewController.swift */ = {isa = PBXFileReference; lastKnownFileType = sourcecode.swift; path = HomePageViewController.swift; sourceTree = "<group>"; };
		DFCDDB5D27FDBBCD00098ABA /* LauncherViewController.swift */ = {isa = PBXFileReference; lastKnownFileType = sourcecode.swift; path = LauncherViewController.swift; sourceTree = "<group>"; };
/* End PBXFileReference section */

/* Begin PBXFrameworksBuildPhase section */
		DFCDDB2527FD74E200098ABA /* Frameworks */ = {
			isa = PBXFrameworksBuildPhase;
			buildActionMask = 2147483647;
			files = (
			);
			runOnlyForDeploymentPostprocessing = 0;
		};
/* End PBXFrameworksBuildPhase section */

/* Begin PBXGroup section */
		DFCDDB1F27FD74E200098ABA = {
			isa = PBXGroup;
			children = (
				DFCDDB2A27FD74E200098ABA /* Phowto */,
				DFCDDB2927FD74E200098ABA /* Products */,
			);
			sourceTree = "<group>";
		};
		DFCDDB2927FD74E200098ABA /* Products */ = {
			isa = PBXGroup;
			children = (
				DFCDDB2827FD74E200098ABA /* Phowto.app */,
			);
			name = Products;
			sourceTree = "<group>";
		};
		DFCDDB2A27FD74E200098ABA /* Phowto */ = {
			isa = PBXGroup;
			children = (
				DFCDDB4A27FDB8D500098ABA /* ReflectionPage */,
				DFCDDB4927FDB8CF00098ABA /* ComparePage */,
				DFCDDB4827FDB8AC00098ABA /* DescriptionPage */,
				DFCDDB4527FDB88600098ABA /* MyAlbum */,
				DFCDDB4427FDB87E00098ABA /* AlbumPage */,
				DFCDDB4327FDB86E00098ABA /* SearchPage */,
				DFCDDB4227FDB86300098ABA /* WatchVisual */,
				DFCDDB4127FDB85900098ABA /* SelectedModule */,
				DFCDDB4027FDB84C00098ABA /* Homepage */,
				DFCDDB3F27FDB83100098ABA /* LaunchScreen */,
				DFCDDB2B27FD74E200098ABA /* AppDelegate.swift */,
				DFCDDB2D27FD74E200098ABA /* SceneDelegate.swift */,
				DFCDDB2F27FD74E200098ABA /* ViewController.swift */,
				DFCDDB3127FD74E200098ABA /* Main.storyboard */,
				DFCDDB3427FD74E200098ABA /* Assets.xcassets */,
				DFCDDB3627FD74E200098ABA /* LaunchScreen.storyboard */,
				DFCDDB3927FD74E200098ABA /* Info.plist */,
			);
			path = Phowto;
			sourceTree = "<group>";
		};
		DFCDDB3F27FDB83100098ABA /* LaunchScreen */ = {
			isa = PBXGroup;
			children = (
				DFCDDB5D27FDBBCD00098ABA /* LauncherViewController.swift */,
			);
			path = LaunchScreen;
			sourceTree = "<group>";
		};
		DFCDDB4027FDB84C00098ABA /* Homepage */ = {
			isa = PBXGroup;
			children = (
				DFCDDB5B27FDBBC200098ABA /* HomePageViewController.swift */,
				BA41FB7127FF171E00F7A0F9 /* HomePage.storyboard */,
				BA41FB7327FF252C00F7A0F9 /* CollectionViewCell.swift */,
				BA41FB7527FF33A900F7A0F9 /* CarouselModel.swift */,
			);
			path = Homepage;
			sourceTree = "<group>";
		};
		DFCDDB4127FDB85900098ABA /* SelectedModule */ = {
			isa = PBXGroup;
			children = (
				DFCDDB5927FDBBB700098ABA /* SelectedModuleViewController.swift */,
			);
			path = SelectedModule;
			sourceTree = "<group>";
		};
		DFCDDB4227FDB86300098ABA /* WatchVisual */ = {
			isa = PBXGroup;
			children = (
				DFCDDB5727FDBBAE00098ABA /* WatchVisualViewController.swift */,
				DF00F27F27FF0C4600A41263 /* WatchVisual.storyboard */,
				DF00F28127FF483A00A41263 /* TesCompare.storyboard */,
				DF00F28327FF488C00A41263 /* TesCompareVC.swift */,
				DF8862BE2801909C00882450 /* GridView.swift */,
			);
			path = WatchVisual;
			sourceTree = "<group>";
		};
		DFCDDB4327FDB86E00098ABA /* SearchPage */ = {
			isa = PBXGroup;
			children = (
				DFCDDB5527FDBBA400098ABA /* SearchPageViewController.swift */,
			);
			path = SearchPage;
			sourceTree = "<group>";
		};
		DFCDDB4427FDB87E00098ABA /* AlbumPage */ = {
			isa = PBXGroup;
			children = (
				DFCDDB5327FDBB9B00098ABA /* AlbumPageViewController.swift */,
			);
			path = AlbumPage;
			sourceTree = "<group>";
		};
		DFCDDB4527FDB88600098ABA /* MyAlbum */ = {
			isa = PBXGroup;
			children = (
				DFCDDB5127FDBA9B00098ABA /* MyAlbumViewController.swift */,
			);
			path = MyAlbum;
			sourceTree = "<group>";
		};
		DFCDDB4827FDB8AC00098ABA /* DescriptionPage */ = {
			isa = PBXGroup;
			children = (
				DFCDDB4F27FDBA9100098ABA /* DescriptionViewController.swift */,
			);
			path = DescriptionPage;
			sourceTree = "<group>";
		};
		DFCDDB4927FDB8CF00098ABA /* ComparePage */ = {
			isa = PBXGroup;
			children = (
				DFCDDB4D27FDBA8400098ABA /* CompareViewController.swift */,
			);
			path = ComparePage;
			sourceTree = "<group>";
		};
		DFCDDB4A27FDB8D500098ABA /* ReflectionPage */ = {
			isa = PBXGroup;
			children = (
				DFCDDB4B27FDBA4F00098ABA /* ReflectionViewController.swift */,
			);
			path = ReflectionPage;
			sourceTree = "<group>";
		};
/* End PBXGroup section */

/* Begin PBXNativeTarget section */
		DFCDDB2727FD74E200098ABA /* Phowto */ = {
			isa = PBXNativeTarget;
			buildConfigurationList = DFCDDB3C27FD74E200098ABA /* Build configuration list for PBXNativeTarget "Phowto" */;
			buildPhases = (
				DFCDDB2427FD74E200098ABA /* Sources */,
				DFCDDB2527FD74E200098ABA /* Frameworks */,
				DFCDDB2627FD74E200098ABA /* Resources */,
			);
			buildRules = (
			);
			dependencies = (
			);
			name = Phowto;
			productName = Phowto;
			productReference = DFCDDB2827FD74E200098ABA /* Phowto.app */;
			productType = "com.apple.product-type.application";
		};
/* End PBXNativeTarget section */

/* Begin PBXProject section */
		DFCDDB2027FD74E200098ABA /* Project object */ = {
			isa = PBXProject;
			attributes = {
				BuildIndependentTargetsInParallel = 1;
				LastSwiftUpdateCheck = 1330;
				LastUpgradeCheck = 1330;
				TargetAttributes = {
					DFCDDB2727FD74E200098ABA = {
						CreatedOnToolsVersion = 13.3;
					};
				};
			};
			buildConfigurationList = DFCDDB2327FD74E200098ABA /* Build configuration list for PBXProject "Phowto" */;
			compatibilityVersion = "Xcode 13.0";
			developmentRegion = en;
			hasScannedForEncodings = 0;
			knownRegions = (
				en,
				Base,
			);
			mainGroup = DFCDDB1F27FD74E200098ABA;
			productRefGroup = DFCDDB2927FD74E200098ABA /* Products */;
			projectDirPath = "";
			projectRoot = "";
			targets = (
				DFCDDB2727FD74E200098ABA /* Phowto */,
			);
		};
/* End PBXProject section */

/* Begin PBXResourcesBuildPhase section */
		DFCDDB2627FD74E200098ABA /* Resources */ = {
			isa = PBXResourcesBuildPhase;
			buildActionMask = 2147483647;
			files = (
				BA41FB7227FF171E00F7A0F9 /* HomePage.storyboard in Resources */,
				DFCDDB3827FD74E200098ABA /* LaunchScreen.storyboard in Resources */,
				DF00F28227FF483A00A41263 /* TesCompare.storyboard in Resources */,
				DFCDDB3527FD74E200098ABA /* Assets.xcassets in Resources */,
				DFCDDB3327FD74E200098ABA /* Main.storyboard in Resources */,
			);
			runOnlyForDeploymentPostprocessing = 0;
		};
/* End PBXResourcesBuildPhase section */

/* Begin PBXSourcesBuildPhase section */
		DFCDDB2427FD74E200098ABA /* Sources */ = {
			isa = PBXSourcesBuildPhase;
			buildActionMask = 2147483647;
			files = (
				DFCDDB3027FD74E200098ABA /* ViewController.swift in Sources */,
				DFCDDB2C27FD74E200098ABA /* AppDelegate.swift in Sources */,
				DFCDDB5227FDBA9B00098ABA /* MyAlbumViewController.swift in Sources */,
				DFCDDB5A27FDBBB700098ABA /* SelectedModuleViewController.swift in Sources */,
				DFCDDB4E27FDBA8400098ABA /* CompareViewController.swift in Sources */,
				BA41FB7627FF33A900F7A0F9 /* CarouselModel.swift in Sources */,
				DFCDDB5027FDBA9100098ABA /* DescriptionViewController.swift in Sources */,
				DFCDDB5427FDBB9B00098ABA /* AlbumPageViewController.swift in Sources */,
				DFCDDB5827FDBBAE00098ABA /* WatchVisualViewController.swift in Sources */,
				DFCDDB5C27FDBBC200098ABA /* HomePageViewController.swift in Sources */,
				DF00F28427FF488C00A41263 /* TesCompareVC.swift in Sources */,
				DFCDDB5627FDBBA400098ABA /* SearchPageViewController.swift in Sources */,
				BA41FB7427FF252C00F7A0F9 /* CollectionViewCell.swift in Sources */,
				DFCDDB2E27FD74E200098ABA /* SceneDelegate.swift in Sources */,
				DFCDDB4C27FDBA4F00098ABA /* ReflectionViewController.swift in Sources */,
				DF8862BF2801909C00882450 /* GridView.swift in Sources */,
				DFCDDB5E27FDBBCD00098ABA /* LauncherViewController.swift in Sources */,
			);
			runOnlyForDeploymentPostprocessing = 0;
		};
/* End PBXSourcesBuildPhase section */

/* Begin PBXVariantGroup section */
		DFCDDB3127FD74E200098ABA /* Main.storyboard */ = {
			isa = PBXVariantGroup;
			children = (
				DFCDDB3227FD74E200098ABA /* Base */,
			);
			name = Main.storyboard;
			sourceTree = "<group>";
		};
		DFCDDB3627FD74E200098ABA /* LaunchScreen.storyboard */ = {
			isa = PBXVariantGroup;
			children = (
				DFCDDB3727FD74E200098ABA /* Base */,
			);
			name = LaunchScreen.storyboard;
			sourceTree = "<group>";
		};
/* End PBXVariantGroup section */

/* Begin XCBuildConfiguration section */
		DFCDDB3A27FD74E200098ABA /* Debug */ = {
			isa = XCBuildConfiguration;
			buildSettings = {
				ALWAYS_SEARCH_USER_PATHS = NO;
				CLANG_ANALYZER_NONNULL = YES;
				CLANG_ANALYZER_NUMBER_OBJECT_CONVERSION = YES_AGGRESSIVE;
				CLANG_CXX_LANGUAGE_STANDARD = "gnu++17";
				CLANG_ENABLE_MODULES = YES;
				CLANG_ENABLE_OBJC_ARC = YES;
				CLANG_ENABLE_OBJC_WEAK = YES;
				CLANG_WARN_BLOCK_CAPTURE_AUTORELEASING = YES;
				CLANG_WARN_BOOL_CONVERSION = YES;
				CLANG_WARN_COMMA = YES;
				CLANG_WARN_CONSTANT_CONVERSION = YES;
				CLANG_WARN_DEPRECATED_OBJC_IMPLEMENTATIONS = YES;
				CLANG_WARN_DIRECT_OBJC_ISA_USAGE = YES_ERROR;
				CLANG_WARN_DOCUMENTATION_COMMENTS = YES;
				CLANG_WARN_EMPTY_BODY = YES;
				CLANG_WARN_ENUM_CONVERSION = YES;
				CLANG_WARN_INFINITE_RECURSION = YES;
				CLANG_WARN_INT_CONVERSION = YES;
				CLANG_WARN_NON_LITERAL_NULL_CONVERSION = YES;
				CLANG_WARN_OBJC_IMPLICIT_RETAIN_SELF = YES;
				CLANG_WARN_OBJC_LITERAL_CONVERSION = YES;
				CLANG_WARN_OBJC_ROOT_CLASS = YES_ERROR;
				CLANG_WARN_QUOTED_INCLUDE_IN_FRAMEWORK_HEADER = YES;
				CLANG_WARN_RANGE_LOOP_ANALYSIS = YES;
				CLANG_WARN_STRICT_PROTOTYPES = YES;
				CLANG_WARN_SUSPICIOUS_MOVE = YES;
				CLANG_WARN_UNGUARDED_AVAILABILITY = YES_AGGRESSIVE;
				CLANG_WARN_UNREACHABLE_CODE = YES;
				CLANG_WARN__DUPLICATE_METHOD_MATCH = YES;
				COPY_PHASE_STRIP = NO;
				DEBUG_INFORMATION_FORMAT = dwarf;
				ENABLE_STRICT_OBJC_MSGSEND = YES;
				ENABLE_TESTABILITY = YES;
				GCC_C_LANGUAGE_STANDARD = gnu11;
				GCC_DYNAMIC_NO_PIC = NO;
				GCC_NO_COMMON_BLOCKS = YES;
				GCC_OPTIMIZATION_LEVEL = 0;
				GCC_PREPROCESSOR_DEFINITIONS = (
					"DEBUG=1",
					"$(inherited)",
				);
				GCC_WARN_64_TO_32_BIT_CONVERSION = YES;
				GCC_WARN_ABOUT_RETURN_TYPE = YES_ERROR;
				GCC_WARN_UNDECLARED_SELECTOR = YES;
				GCC_WARN_UNINITIALIZED_AUTOS = YES_AGGRESSIVE;
				GCC_WARN_UNUSED_FUNCTION = YES;
				GCC_WARN_UNUSED_VARIABLE = YES;
				IPHONEOS_DEPLOYMENT_TARGET = 15.4;
				MTL_ENABLE_DEBUG_INFO = INCLUDE_SOURCE;
				MTL_FAST_MATH = YES;
				ONLY_ACTIVE_ARCH = YES;
				SDKROOT = iphoneos;
				SWIFT_ACTIVE_COMPILATION_CONDITIONS = DEBUG;
				SWIFT_OPTIMIZATION_LEVEL = "-Onone";
			};
			name = Debug;
		};
		DFCDDB3B27FD74E200098ABA /* Release */ = {
			isa = XCBuildConfiguration;
			buildSettings = {
				ALWAYS_SEARCH_USER_PATHS = NO;
				CLANG_ANALYZER_NONNULL = YES;
				CLANG_ANALYZER_NUMBER_OBJECT_CONVERSION = YES_AGGRESSIVE;
				CLANG_CXX_LANGUAGE_STANDARD = "gnu++17";
				CLANG_ENABLE_MODULES = YES;
				CLANG_ENABLE_OBJC_ARC = YES;
				CLANG_ENABLE_OBJC_WEAK = YES;
				CLANG_WARN_BLOCK_CAPTURE_AUTORELEASING = YES;
				CLANG_WARN_BOOL_CONVERSION = YES;
				CLANG_WARN_COMMA = YES;
				CLANG_WARN_CONSTANT_CONVERSION = YES;
				CLANG_WARN_DEPRECATED_OBJC_IMPLEMENTATIONS = YES;
				CLANG_WARN_DIRECT_OBJC_ISA_USAGE = YES_ERROR;
				CLANG_WARN_DOCUMENTATION_COMMENTS = YES;
				CLANG_WARN_EMPTY_BODY = YES;
				CLANG_WARN_ENUM_CONVERSION = YES;
				CLANG_WARN_INFINITE_RECURSION = YES;
				CLANG_WARN_INT_CONVERSION = YES;
				CLANG_WARN_NON_LITERAL_NULL_CONVERSION = YES;
				CLANG_WARN_OBJC_IMPLICIT_RETAIN_SELF = YES;
				CLANG_WARN_OBJC_LITERAL_CONVERSION = YES;
				CLANG_WARN_OBJC_ROOT_CLASS = YES_ERROR;
				CLANG_WARN_QUOTED_INCLUDE_IN_FRAMEWORK_HEADER = YES;
				CLANG_WARN_RANGE_LOOP_ANALYSIS = YES;
				CLANG_WARN_STRICT_PROTOTYPES = YES;
				CLANG_WARN_SUSPICIOUS_MOVE = YES;
				CLANG_WARN_UNGUARDED_AVAILABILITY = YES_AGGRESSIVE;
				CLANG_WARN_UNREACHABLE_CODE = YES;
				CLANG_WARN__DUPLICATE_METHOD_MATCH = YES;
				COPY_PHASE_STRIP = NO;
				DEBUG_INFORMATION_FORMAT = "dwarf-with-dsym";
				ENABLE_NS_ASSERTIONS = NO;
				ENABLE_STRICT_OBJC_MSGSEND = YES;
				GCC_C_LANGUAGE_STANDARD = gnu11;
				GCC_NO_COMMON_BLOCKS = YES;
				GCC_WARN_64_TO_32_BIT_CONVERSION = YES;
				GCC_WARN_ABOUT_RETURN_TYPE = YES_ERROR;
				GCC_WARN_UNDECLARED_SELECTOR = YES;
				GCC_WARN_UNINITIALIZED_AUTOS = YES_AGGRESSIVE;
				GCC_WARN_UNUSED_FUNCTION = YES;
				GCC_WARN_UNUSED_VARIABLE = YES;
				IPHONEOS_DEPLOYMENT_TARGET = 15.4;
				MTL_ENABLE_DEBUG_INFO = NO;
				MTL_FAST_MATH = YES;
				SDKROOT = iphoneos;
				SWIFT_COMPILATION_MODE = wholemodule;
				SWIFT_OPTIMIZATION_LEVEL = "-O";
				VALIDATE_PRODUCT = YES;
			};
			name = Release;
		};
		DFCDDB3D27FD74E200098ABA /* Debug */ = {
			isa = XCBuildConfiguration;
			buildSettings = {
				ASSETCATALOG_COMPILER_APPICON_NAME = AppIcon;
				ASSETCATALOG_COMPILER_GLOBAL_ACCENT_COLOR_NAME = AccentColor;
				CODE_SIGN_STYLE = Automatic;
				CURRENT_PROJECT_VERSION = 1;
				DEVELOPMENT_TEAM = 843V7URJY9;
				GENERATE_INFOPLIST_FILE = YES;
				INFOPLIST_FILE = Phowto/Info.plist;
				INFOPLIST_KEY_UIApplicationSupportsIndirectInputEvents = YES;
				INFOPLIST_KEY_UILaunchStoryboardName = LaunchScreen;
				INFOPLIST_KEY_UIMainStoryboardFile = Main;
				INFOPLIST_KEY_UISupportedInterfaceOrientations_iPad = "UIInterfaceOrientationPortrait UIInterfaceOrientationPortraitUpsideDown UIInterfaceOrientationLandscapeLeft UIInterfaceOrientationLandscapeRight";
				INFOPLIST_KEY_UISupportedInterfaceOrientations_iPhone = "UIInterfaceOrientationPortrait UIInterfaceOrientationLandscapeLeft UIInterfaceOrientationLandscapeRight";
				LD_RUNPATH_SEARCH_PATHS = (
					"$(inherited)",
					"@executable_path/Frameworks",
				);
				MARKETING_VERSION = 1.0;
				PRODUCT_BUNDLE_IDENTIFIER = com.arah.Phowto;
				PRODUCT_NAME = "$(TARGET_NAME)";
				SWIFT_EMIT_LOC_STRINGS = YES;
				SWIFT_VERSION = 5.0;
				TARGETED_DEVICE_FAMILY = "1,2";
			};
			name = Debug;
		};
		DFCDDB3E27FD74E200098ABA /* Release */ = {
			isa = XCBuildConfiguration;
			buildSettings = {
				ASSETCATALOG_COMPILER_APPICON_NAME = AppIcon;
				ASSETCATALOG_COMPILER_GLOBAL_ACCENT_COLOR_NAME = AccentColor;
				CODE_SIGN_STYLE = Automatic;
				CURRENT_PROJECT_VERSION = 1;
				DEVELOPMENT_TEAM = 843V7URJY9;
				GENERATE_INFOPLIST_FILE = YES;
				INFOPLIST_FILE = Phowto/Info.plist;
				INFOPLIST_KEY_UIApplicationSupportsIndirectInputEvents = YES;
				INFOPLIST_KEY_UILaunchStoryboardName = LaunchScreen;
				INFOPLIST_KEY_UIMainStoryboardFile = Main;
				INFOPLIST_KEY_UISupportedInterfaceOrientations_iPad = "UIInterfaceOrientationPortrait UIInterfaceOrientationPortraitUpsideDown UIInterfaceOrientationLandscapeLeft UIInterfaceOrientationLandscapeRight";
				INFOPLIST_KEY_UISupportedInterfaceOrientations_iPhone = "UIInterfaceOrientationPortrait UIInterfaceOrientationLandscapeLeft UIInterfaceOrientationLandscapeRight";
				LD_RUNPATH_SEARCH_PATHS = (
					"$(inherited)",
					"@executable_path/Frameworks",
				);
				MARKETING_VERSION = 1.0;
				PRODUCT_BUNDLE_IDENTIFIER = com.arah.Phowto;
				PRODUCT_NAME = "$(TARGET_NAME)";
				SWIFT_EMIT_LOC_STRINGS = YES;
				SWIFT_VERSION = 5.0;
				TARGETED_DEVICE_FAMILY = "1,2";
			};
			name = Release;
		};
/* End XCBuildConfiguration section */

/* Begin XCConfigurationList section */
		DFCDDB2327FD74E200098ABA /* Build configuration list for PBXProject "Phowto" */ = {
			isa = XCConfigurationList;
			buildConfigurations = (
				DFCDDB3A27FD74E200098ABA /* Debug */,
				DFCDDB3B27FD74E200098ABA /* Release */,
			);
			defaultConfigurationIsVisible = 0;
			defaultConfigurationName = Release;
		};
		DFCDDB3C27FD74E200098ABA /* Build configuration list for PBXNativeTarget "Phowto" */ = {
			isa = XCConfigurationList;
			buildConfigurations = (
				DFCDDB3D27FD74E200098ABA /* Debug */,
				DFCDDB3E27FD74E200098ABA /* Release */,
			);
			defaultConfigurationIsVisible = 0;
			defaultConfigurationName = Release;
		};
/* End XCConfigurationList section */
	};
	rootObject = DFCDDB2027FD74E200098ABA /* Project object */;
}
